
Microsoft Visual Studio Solution File, Format Version 12.00
# Visual Studio Version 17
VisualStudioVersion = 17.4.33213.308
MinimumVisualStudioVersion = 10.0.40219.1
Project("{FAE04EC0-301F-11D3-BF4B-00C04F79EFBC}") = "OdysseyAPI", "src\OdysseyAPI\OdysseyAPI.csproj", "{6AFE4CBA-7CD2-4B53-A2A9-53322F2CCC02}"
EndProject
Project("{FAE04EC0-301F-11D3-BF4B-00C04F79EFBC}") = "OdysseyAPI.Tests.Integration", "tests\OdysseyAPI.Tests.Integration\OdysseyAPI.Tests.Integration.csproj", "{0D814256-6CF2-4562-B135-AA7553864187}"
EndProject
Global
	GlobalSection(SolutionConfigurationPlatforms) = preSolution
		Debug|Any CPU = Debug|Any CPU
		Release|Any CPU = Release|Any CPU
	EndGlobalSection
	GlobalSection(ProjectConfigurationPlatforms) = postSolution
		{6AFE4CBA-7CD2-4B53-A2A9-53322F2CCC02}.Debug|Any CPU.ActiveCfg = Debug|Any CPU
		{6AFE4CBA-7CD2-4B53-A2A9-53322F2CCC02}.Debug|Any CPU.Build.0 = Debug|Any CPU
		{6AFE4CBA-7CD2-4B53-A2A9-53322F2CCC02}.Release|Any CPU.ActiveCfg = Release|Any CPU
		{6AFE4CBA-7CD2-4B53-A2A9-53322F2CCC02}.Release|Any CPU.Build.0 = Release|Any CPU
		{0D814256-6CF2-4562-B135-AA7553864187}.Debug|Any CPU.ActiveCfg = Debug|Any CPU
		{0D814256-6CF2-4562-B135-AA7553864187}.Debug|Any CPU.Build.0 = Debug|Any CPU
		{0D814256-6CF2-4562-B135-AA7553864187}.Release|Any CPU.ActiveCfg = Release|Any CPU
		{0D814256-6CF2-4562-B135-AA7553864187}.Release|Any CPU.Build.0 = Release|Any CPU
	EndGlobalSection
	GlobalSection(SolutionProperties) = preSolution
		HideSolutionNode = FALSE
	EndGlobalSection
	GlobalSection(ExtensibilityGlobals) = postSolution
		SolutionGuid = {F578D9FF-6917-4450-9D89-3588F42C5682}
	EndGlobalSection
EndGlobal
